<?xml version="1.0" encoding="utf-8"?>
<Project ToolsVersion="17.0" xmlns="http://schemas.microsoft.com/developer/msbuild/2003">
  <ItemGroup>
    <CustomBuild Include="C:\Users\Anthi\Documents\Graphics\lab6_dokimes\lab06_release\buildara\CMakeFiles\3d9caa306ee2f0f3fd0665cdd063a78d\RUN_TESTS_force.rule">
      <Filter>CMake Rules</Filter>
    </CustomBuild>
  </ItemGroup>
  <ItemGroup>
    <Filter Include="CMake Rules">
      <UniqueIdentifier>{4142093C-5FD4-3786-B697-F349D6904406}</UniqueIdentifier>
    </Filter>
  </ItemGroup>
</Project>
