
Microsoft Visual Studio Solution File, Format Version 12.00
# Visual Studio Version 17
Project("{2150E333-8FDC-42A3-9474-1A3956D46DE8}") = "CMakePredefinedTargets", "CMakePredefinedTargets", "{D173420C-0F51-3A95-AFFF-F0D4079F3EE1}"
EndProject
Project("{2150E333-8FDC-42A3-9474-1A3956D46DE8}") = "CTestDashboardTargets", "CTestDashboardTargets", "{00E1D5B0-8439-3B57-993D-1D1833D9E60E}"
EndProject
Project("{2150E333-8FDC-42A3-9474-1A3956D46DE8}") = "Demo", "Demo", "{9E4E7DC3-EBC0-37CD-B282-7A30C2CBA1BE}"
EndProject
Project("{2150E333-8FDC-42A3-9474-1A3956D46DE8}") = "Libraries", "Libraries", "{005AA0F2-A453-35E6-BDC3-F1EC158787FD}"
EndProject
Project("{8BC9CEB8-8B4A-11D0-8D11-00A0C91BC942}") = "ALL_BUILD", "ALL_BUILD.vcxproj", "{DF53D806-FB32-3D05-AA4E-54EBD61CF354}"
	ProjectSection(ProjectDependencies) = postProject
		{6D19CC8C-EB1F-38CC-A7E7-E9DDA20A8DD4} = {6D19CC8C-EB1F-38CC-A7E7-E9DDA20A8DD4}
		{F24BAE9E-582F-3700-9985-CED28F20F746} = {F24BAE9E-582F-3700-9985-CED28F20F746}
		{6B598244-D9B5-35ED-845E-7EF8D5981FCE} = {6B598244-D9B5-35ED-845E-7EF8D5981FCE}
		{16F11C8B-77CF-3793-810A-01681F462EE2} = {16F11C8B-77CF-3793-810A-01681F462EE2}
		{156FD98F-8A78-300A-86C4-D1A839DF5260} = {156FD98F-8A78-300A-86C4-D1A839DF5260}
		{2DFA3BCD-0724-3E1F-A902-4C85CE8CB478} = {2DFA3BCD-0724-3E1F-A902-4C85CE8CB478}
	EndProjectSection
EndProject
Project("{8BC9CEB8-8B4A-11D0-8D11-00A0C91BC942}") = "Continuous", "Continuous.vcxproj", "{333DF9A4-7859-3A65-BF1E-D57856B07185}"
	ProjectSection(ProjectDependencies) = postProject
		{16F11C8B-77CF-3793-810A-01681F462EE2} = {16F11C8B-77CF-3793-810A-01681F462EE2}
	EndProjectSection
EndProject
Project("{8BC9CEB8-8B4A-11D0-8D11-00A0C91BC942}") = "Experimental", "Experimental.vcxproj", "{4A77CCB9-873A-3742-8214-86BB286BFD61}"
	ProjectSection(ProjectDependencies) = postProject
		{16F11C8B-77CF-3793-810A-01681F462EE2} = {16F11C8B-77CF-3793-810A-01681F462EE2}
	EndProjectSection
EndProject
Project("{8BC9CEB8-8B4A-11D0-8D11-00A0C91BC942}") = "GLEW_1130", "external\GLEW_1130.vcxproj", "{6D19CC8C-EB1F-38CC-A7E7-E9DDA20A8DD4}"
	ProjectSection(ProjectDependencies) = postProject
		{16F11C8B-77CF-3793-810A-01681F462EE2} = {16F11C8B-77CF-3793-810A-01681F462EE2}
	EndProjectSection
EndProject
Project("{8BC9CEB8-8B4A-11D0-8D11-00A0C91BC942}") = "INSTALL", "INSTALL.vcxproj", "{DB079BA8-9B8C-370F-B2D3-34AD6F720B4F}"
	ProjectSection(ProjectDependencies) = postProject
		{DF53D806-FB32-3D05-AA4E-54EBD61CF354} = {DF53D806-FB32-3D05-AA4E-54EBD61CF354}
		{16F11C8B-77CF-3793-810A-01681F462EE2} = {16F11C8B-77CF-3793-810A-01681F462EE2}
	EndProjectSection
EndProject
Project("{8BC9CEB8-8B4A-11D0-8D11-00A0C91BC942}") = "Nightly", "Nightly.vcxproj", "{79ED5A82-1999-3157-9EF9-7E2BDEACDE8C}"
	ProjectSection(ProjectDependencies) = postProject
		{16F11C8B-77CF-3793-810A-01681F462EE2} = {16F11C8B-77CF-3793-810A-01681F462EE2}
	EndProjectSection
EndProject
Project("{8BC9CEB8-8B4A-11D0-8D11-00A0C91BC942}") = "NightlyMemoryCheck", "NightlyMemoryCheck.vcxproj", "{526DCBE3-6C77-3AA5-AB78-978DF5188966}"
	ProjectSection(ProjectDependencies) = postProject
		{16F11C8B-77CF-3793-810A-01681F462EE2} = {16F11C8B-77CF-3793-810A-01681F462EE2}
	EndProjectSection
EndProject
Project("{8BC9CEB8-8B4A-11D0-8D11-00A0C91BC942}") = "RUN_TESTS", "RUN_TESTS.vcxproj", "{4D9AA5CB-2ECC-3694-A1C3-2B6829556F8F}"
	ProjectSection(ProjectDependencies) = postProject
		{16F11C8B-77CF-3793-810A-01681F462EE2} = {16F11C8B-77CF-3793-810A-01681F462EE2}
	EndProjectSection
EndProject
Project("{8BC9CEB8-8B4A-11D0-8D11-00A0C91BC942}") = "SOIL", "external\Simple-OpenGL-Image-Library\SOIL.vcxproj", "{F24BAE9E-582F-3700-9985-CED28F20F746}"
	ProjectSection(ProjectDependencies) = postProject
		{16F11C8B-77CF-3793-810A-01681F462EE2} = {16F11C8B-77CF-3793-810A-01681F462EE2}
	EndProjectSection
EndProject
Project("{8BC9CEB8-8B4A-11D0-8D11-00A0C91BC942}") = "TINYXML2", "external\TINYXML2.vcxproj", "{6B598244-D9B5-35ED-845E-7EF8D5981FCE}"
	ProjectSection(ProjectDependencies) = postProject
		{16F11C8B-77CF-3793-810A-01681F462EE2} = {16F11C8B-77CF-3793-810A-01681F462EE2}
	EndProjectSection
EndProject
Project("{8BC9CEB8-8B4A-11D0-8D11-00A0C91BC942}") = "ZERO_CHECK", "ZERO_CHECK.vcxproj", "{16F11C8B-77CF-3793-810A-01681F462EE2}"
	ProjectSection(ProjectDependencies) = postProject
	EndProjectSection
EndProject
Project("{8BC9CEB8-8B4A-11D0-8D11-00A0C91BC942}") = "glfw", "external\glfw-3.2.1\src\glfw.vcxproj", "{156FD98F-8A78-300A-86C4-D1A839DF5260}"
	ProjectSection(ProjectDependencies) = postProject
		{16F11C8B-77CF-3793-810A-01681F462EE2} = {16F11C8B-77CF-3793-810A-01681F462EE2}
	EndProjectSection
EndProject
Project("{8BC9CEB8-8B4A-11D0-8D11-00A0C91BC942}") = "lab_shadow_mapping", "lab_shadow_mapping.vcxproj", "{2DFA3BCD-0724-3E1F-A902-4C85CE8CB478}"
	ProjectSection(ProjectDependencies) = postProject
		{6D19CC8C-EB1F-38CC-A7E7-E9DDA20A8DD4} = {6D19CC8C-EB1F-38CC-A7E7-E9DDA20A8DD4}
		{F24BAE9E-582F-3700-9985-CED28F20F746} = {F24BAE9E-582F-3700-9985-CED28F20F746}
		{6B598244-D9B5-35ED-845E-7EF8D5981FCE} = {6B598244-D9B5-35ED-845E-7EF8D5981FCE}
		{16F11C8B-77CF-3793-810A-01681F462EE2} = {16F11C8B-77CF-3793-810A-01681F462EE2}
		{156FD98F-8A78-300A-86C4-D1A839DF5260} = {156FD98F-8A78-300A-86C4-D1A839DF5260}
	EndProjectSection
EndProject
Global
	GlobalSection(SolutionConfigurationPlatforms) = preSolution
		Debug|x64 = Debug|x64
		Release|x64 = Release|x64
		MinSizeRel|x64 = MinSizeRel|x64
		RelWithDebInfo|x64 = RelWithDebInfo|x64
	EndGlobalSection
	GlobalSection(ProjectConfigurationPlatforms) = postSolution
		{DF53D806-FB32-3D05-AA4E-54EBD61CF354}.Debug|x64.ActiveCfg = Debug|x64
		{DF53D806-FB32-3D05-AA4E-54EBD61CF354}.Debug|x64.Build.0 = Debug|x64
		{DF53D806-FB32-3D05-AA4E-54EBD61CF354}.Release|x64.ActiveCfg = Release|x64
		{DF53D806-FB32-3D05-AA4E-54EBD61CF354}.Release|x64.Build.0 = Release|x64
		{DF53D806-FB32-3D05-AA4E-54EBD61CF354}.MinSizeRel|x64.ActiveCfg = MinSizeRel|x64
		{DF53D806-FB32-3D05-AA4E-54EBD61CF354}.MinSizeRel|x64.Build.0 = MinSizeRel|x64
		{DF53D806-FB32-3D05-AA4E-54EBD61CF354}.RelWithDebInfo|x64.ActiveCfg = RelWithDebInfo|x64
		{DF53D806-FB32-3D05-AA4E-54EBD61CF354}.RelWithDebInfo|x64.Build.0 = RelWithDebInfo|x64
		{333DF9A4-7859-3A65-BF1E-D57856B07185}.Debug|x64.ActiveCfg = Debug|x64
		{333DF9A4-7859-3A65-BF1E-D57856B07185}.Release|x64.ActiveCfg = Release|x64
		{333DF9A4-7859-3A65-BF1E-D57856B07185}.MinSizeRel|x64.ActiveCfg = MinSizeRel|x64
		{333DF9A4-7859-3A65-BF1E-D57856B07185}.RelWithDebInfo|x64.ActiveCfg = RelWithDebInfo|x64
		{4A77CCB9-873A-3742-8214-86BB286BFD61}.Debug|x64.ActiveCfg = Debug|x64
		{4A77CCB9-873A-3742-8214-86BB286BFD61}.Release|x64.ActiveCfg = Release|x64
		{4A77CCB9-873A-3742-8214-86BB286BFD61}.MinSizeRel|x64.ActiveCfg = MinSizeRel|x64
		{4A77CCB9-873A-3742-8214-86BB286BFD61}.RelWithDebInfo|x64.ActiveCfg = RelWithDebInfo|x64
		{6D19CC8C-EB1F-38CC-A7E7-E9DDA20A8DD4}.Debug|x64.ActiveCfg = Debug|x64
		{6D19CC8C-EB1F-38CC-A7E7-E9DDA20A8DD4}.Debug|x64.Build.0 = Debug|x64
		{6D19CC8C-EB1F-38CC-A7E7-E9DDA20A8DD4}.Release|x64.ActiveCfg = Release|x64
		{6D19CC8C-EB1F-38CC-A7E7-E9DDA20A8DD4}.Release|x64.Build.0 = Release|x64
		{6D19CC8C-EB1F-38CC-A7E7-E9DDA20A8DD4}.MinSizeRel|x64.ActiveCfg = MinSizeRel|x64
		{6D19CC8C-EB1F-38CC-A7E7-E9DDA20A8DD4}.MinSizeRel|x64.Build.0 = MinSizeRel|x64
		{6D19CC8C-EB1F-38CC-A7E7-E9DDA20A8DD4}.RelWithDebInfo|x64.ActiveCfg = RelWithDebInfo|x64
		{6D19CC8C-EB1F-38CC-A7E7-E9DDA20A8DD4}.RelWithDebInfo|x64.Build.0 = RelWithDebInfo|x64
		{DB079BA8-9B8C-370F-B2D3-34AD6F720B4F}.Debug|x64.ActiveCfg = Debug|x64
		{DB079BA8-9B8C-370F-B2D3-34AD6F720B4F}.Release|x64.ActiveCfg = Release|x64
		{DB079BA8-9B8C-370F-B2D3-34AD6F720B4F}.MinSizeRel|x64.ActiveCfg = MinSizeRel|x64
		{DB079BA8-9B8C-370F-B2D3-34AD6F720B4F}.RelWithDebInfo|x64.ActiveCfg = RelWithDebInfo|x64
		{79ED5A82-1999-3157-9EF9-7E2BDEACDE8C}.Debug|x64.ActiveCfg = Debug|x64
		{79ED5A82-1999-3157-9EF9-7E2BDEACDE8C}.Release|x64.ActiveCfg = Release|x64
		{79ED5A82-1999-3157-9EF9-7E2BDEACDE8C}.MinSizeRel|x64.ActiveCfg = MinSizeRel|x64
		{79ED5A82-1999-3157-9EF9-7E2BDEACDE8C}.RelWithDebInfo|x64.ActiveCfg = RelWithDebInfo|x64
		{526DCBE3-6C77-3AA5-AB78-978DF5188966}.Debug|x64.ActiveCfg = Debug|x64
		{526DCBE3-6C77-3AA5-AB78-978DF5188966}.Release|x64.ActiveCfg = Release|x64
		{526DCBE3-6C77-3AA5-AB78-978DF5188966}.MinSizeRel|x64.ActiveCfg = MinSizeRel|x64
		{526DCBE3-6C77-3AA5-AB78-978DF5188966}.RelWithDebInfo|x64.ActiveCfg = RelWithDebInfo|x64
		{4D9AA5CB-2ECC-3694-A1C3-2B6829556F8F}.Debug|x64.ActiveCfg = Debug|x64
		{4D9AA5CB-2ECC-3694-A1C3-2B6829556F8F}.Release|x64.ActiveCfg = Release|x64
		{4D9AA5CB-2ECC-3694-A1C3-2B6829556F8F}.MinSizeRel|x64.ActiveCfg = MinSizeRel|x64
		{4D9AA5CB-2ECC-3694-A1C3-2B6829556F8F}.RelWithDebInfo|x64.ActiveCfg = RelWithDebInfo|x64
		{F24BAE9E-582F-3700-9985-CED28F20F746}.Debug|x64.ActiveCfg = Debug|x64
		{F24BAE9E-582F-3700-9985-CED28F20F746}.Debug|x64.Build.0 = Debug|x64
		{F24BAE9E-582F-3700-9985-CED28F20F746}.Release|x64.ActiveCfg = Release|x64
		{F24BAE9E-582F-3700-9985-CED28F20F746}.Release|x64.Build.0 = Release|x64
		{F24BAE9E-582F-3700-9985-CED28F20F746}.MinSizeRel|x64.ActiveCfg = MinSizeRel|x64
		{F24BAE9E-582F-3700-9985-CED28F20F746}.MinSizeRel|x64.Build.0 = MinSizeRel|x64
		{F24BAE9E-582F-3700-9985-CED28F20F746}.RelWithDebInfo|x64.ActiveCfg = RelWithDebInfo|x64
		{F24BAE9E-582F-3700-9985-CED28F20F746}.RelWithDebInfo|x64.Build.0 = RelWithDebInfo|x64
		{6B598244-D9B5-35ED-845E-7EF8D5981FCE}.Debug|x64.ActiveCfg = Debug|x64
		{6B598244-D9B5-35ED-845E-7EF8D5981FCE}.Debug|x64.Build.0 = Debug|x64
		{6B598244-D9B5-35ED-845E-7EF8D5981FCE}.Release|x64.ActiveCfg = Release|x64
		{6B598244-D9B5-35ED-845E-7EF8D5981FCE}.Release|x64.Build.0 = Release|x64
		{6B598244-D9B5-35ED-845E-7EF8D5981FCE}.MinSizeRel|x64.ActiveCfg = MinSizeRel|x64
		{6B598244-D9B5-35ED-845E-7EF8D5981FCE}.MinSizeRel|x64.Build.0 = MinSizeRel|x64
		{6B598244-D9B5-35ED-845E-7EF8D5981FCE}.RelWithDebInfo|x64.ActiveCfg = RelWithDebInfo|x64
		{6B598244-D9B5-35ED-845E-7EF8D5981FCE}.RelWithDebInfo|x64.Build.0 = RelWithDebInfo|x64
		{16F11C8B-77CF-3793-810A-01681F462EE2}.Debug|x64.ActiveCfg = Debug|x64
		{16F11C8B-77CF-3793-810A-01681F462EE2}.Debug|x64.Build.0 = Debug|x64
		{16F11C8B-77CF-3793-810A-01681F462EE2}.Release|x64.ActiveCfg = Release|x64
		{16F11C8B-77CF-3793-810A-01681F462EE2}.Release|x64.Build.0 = Release|x64
		{16F11C8B-77CF-3793-810A-01681F462EE2}.MinSizeRel|x64.ActiveCfg = MinSizeRel|x64
		{16F11C8B-77CF-3793-810A-01681F462EE2}.MinSizeRel|x64.Build.0 = MinSizeRel|x64
		{16F11C8B-77CF-3793-810A-01681F462EE2}.RelWithDebInfo|x64.ActiveCfg = RelWithDebInfo|x64
		{16F11C8B-77CF-3793-810A-01681F462EE2}.RelWithDebInfo|x64.Build.0 = RelWithDebInfo|x64
		{156FD98F-8A78-300A-86C4-D1A839DF5260}.Debug|x64.ActiveCfg = Debug|x64
		{156FD98F-8A78-300A-86C4-D1A839DF5260}.Debug|x64.Build.0 = Debug|x64
		{156FD98F-8A78-300A-86C4-D1A839DF5260}.Release|x64.ActiveCfg = Release|x64
		{156FD98F-8A78-300A-86C4-D1A839DF5260}.Release|x64.Build.0 = Release|x64
		{156FD98F-8A78-300A-86C4-D1A839DF5260}.MinSizeRel|x64.ActiveCfg = MinSizeRel|x64
		{156FD98F-8A78-300A-86C4-D1A839DF5260}.MinSizeRel|x64.Build.0 = MinSizeRel|x64
		{156FD98F-8A78-300A-86C4-D1A839DF5260}.RelWithDebInfo|x64.ActiveCfg = RelWithDebInfo|x64
		{156FD98F-8A78-300A-86C4-D1A839DF5260}.RelWithDebInfo|x64.Build.0 = RelWithDebInfo|x64
		{2DFA3BCD-0724-3E1F-A902-4C85CE8CB478}.Debug|x64.ActiveCfg = Debug|x64
		{2DFA3BCD-0724-3E1F-A902-4C85CE8CB478}.Debug|x64.Build.0 = Debug|x64
		{2DFA3BCD-0724-3E1F-A902-4C85CE8CB478}.Release|x64.ActiveCfg = Release|x64
		{2DFA3BCD-0724-3E1F-A902-4C85CE8CB478}.Release|x64.Build.0 = Release|x64
		{2DFA3BCD-0724-3E1F-A902-4C85CE8CB478}.MinSizeRel|x64.ActiveCfg = MinSizeRel|x64
		{2DFA3BCD-0724-3E1F-A902-4C85CE8CB478}.MinSizeRel|x64.Build.0 = MinSizeRel|x64
		{2DFA3BCD-0724-3E1F-A902-4C85CE8CB478}.RelWithDebInfo|x64.ActiveCfg = RelWithDebInfo|x64
		{2DFA3BCD-0724-3E1F-A902-4C85CE8CB478}.RelWithDebInfo|x64.Build.0 = RelWithDebInfo|x64
	EndGlobalSection
	GlobalSection(NestedProjects) = preSolution
		{DF53D806-FB32-3D05-AA4E-54EBD61CF354} = {D173420C-0F51-3A95-AFFF-F0D4079F3EE1}
		{DB079BA8-9B8C-370F-B2D3-34AD6F720B4F} = {D173420C-0F51-3A95-AFFF-F0D4079F3EE1}
		{4D9AA5CB-2ECC-3694-A1C3-2B6829556F8F} = {D173420C-0F51-3A95-AFFF-F0D4079F3EE1}
		{16F11C8B-77CF-3793-810A-01681F462EE2} = {D173420C-0F51-3A95-AFFF-F0D4079F3EE1}
		{333DF9A4-7859-3A65-BF1E-D57856B07185} = {00E1D5B0-8439-3B57-993D-1D1833D9E60E}
		{4A77CCB9-873A-3742-8214-86BB286BFD61} = {00E1D5B0-8439-3B57-993D-1D1833D9E60E}
		{79ED5A82-1999-3157-9EF9-7E2BDEACDE8C} = {00E1D5B0-8439-3B57-993D-1D1833D9E60E}
		{526DCBE3-6C77-3AA5-AB78-978DF5188966} = {00E1D5B0-8439-3B57-993D-1D1833D9E60E}
		{2DFA3BCD-0724-3E1F-A902-4C85CE8CB478} = {9E4E7DC3-EBC0-37CD-B282-7A30C2CBA1BE}
		{6D19CC8C-EB1F-38CC-A7E7-E9DDA20A8DD4} = {005AA0F2-A453-35E6-BDC3-F1EC158787FD}
		{F24BAE9E-582F-3700-9985-CED28F20F746} = {005AA0F2-A453-35E6-BDC3-F1EC158787FD}
		{6B598244-D9B5-35ED-845E-7EF8D5981FCE} = {005AA0F2-A453-35E6-BDC3-F1EC158787FD}
		{156FD98F-8A78-300A-86C4-D1A839DF5260} = {005AA0F2-A453-35E6-BDC3-F1EC158787FD}
	EndGlobalSection
	GlobalSection(ExtensibilityGlobals) = postSolution
		SolutionGuid = {22C802CB-BBC0-3663-B724-7BCD1FA22C59}
	EndGlobalSection
	GlobalSection(ExtensibilityAddIns) = postSolution
	EndGlobalSection
EndGlobal
